
Microsoft Visual Studio Solution File, Format Version 12.00
# Visual Studio Version 17
VisualStudioVersion = 17.8.34330.188
MinimumVisualStudioVersion = 10.0.40219.1
Project("{9A19103F-16F7-4668-BE54-9A1E7A4F7556}") = "StructureOfUniversity", "StructureOfUniversity.csproj", "{6BF5DBAD-1198-4541-980A-FD048BCC08A4}"
EndProject
Project("{9A19103F-16F7-4668-BE54-9A1E7A4F7556}") = "StructureOfUniversity.DTOs", "..\DTOs\StructureOfUniversity.DTOs.csproj", "{33D9B19F-E2CE-4BAA-935C-754A8A3FC2E0}"
EndProject
Project("{9A19103F-16F7-4668-BE54-9A1E7A4F7556}") = "StructureOfUniversity.Validators", "..\Validators\StructureOfUniversity.Validators.csproj", "{09F08814-BBAF-4531-A3C0-8E459A61D483}"
EndProject
Project("{9A19103F-16F7-4668-BE54-9A1E7A4F7556}") = "StructureOfUniversity.DbModels", "..\DbModels\StructureOfUniversity.DbModels.csproj", "{67EDC3AD-F276-4165-8092-7213FEBBE435}"
EndProject
Project("{9A19103F-16F7-4668-BE54-9A1E7A4F7556}") = "StructureOfUniversity.Data", "..\Data\StructureOfUniversity.Data.csproj", "{EBA9A527-F620-4C54-93C0-B00929C47CF8}"
EndProject
Project("{9A19103F-16F7-4668-BE54-9A1E7A4F7556}") = "StructureOfUniversity.PostgreSql.Ef", "..\PostgreSql.Ef\StructureOfUniversity.PostgreSql.Ef.csproj", "{780FD29C-B5DE-428B-824C-4E77C5203AF4}"
EndProject
Project("{9A19103F-16F7-4668-BE54-9A1E7A4F7556}") = "StructureOfUniversity.Auth", "..\StructureOfUniversity.Auth\StructureOfUniversity.Auth.csproj", "{2AEA1B80-8556-41D8-8F7B-02E94BF1959C}"
EndProject
Project("{9A19103F-16F7-4668-BE54-9A1E7A4F7556}") = "StructureOfUniversity.Domain", "..\Domain\StructureOfUniversity.Domain.csproj", "{F7E0FDD0-8115-40CD-82C4-7150B183B240}"
EndProject
Project("{FAE04EC0-301F-11D3-BF4B-00C04F79EFBC}") = "StructureOfUniversity.Logging", "..\StructureOfUniversity.Extensions\StructureOfUniversity.Logging.csproj", "{D855FE91-E4ED-48FD-90EA-D8AD287589E4}"
EndProject
Global
	GlobalSection(SolutionConfigurationPlatforms) = preSolution
		Debug|Any CPU = Debug|Any CPU
		Release|Any CPU = Release|Any CPU
	EndGlobalSection
	GlobalSection(ProjectConfigurationPlatforms) = postSolution
		{6BF5DBAD-1198-4541-980A-FD048BCC08A4}.Debug|Any CPU.ActiveCfg = Debug|Any CPU
		{6BF5DBAD-1198-4541-980A-FD048BCC08A4}.Debug|Any CPU.Build.0 = Debug|Any CPU
		{6BF5DBAD-1198-4541-980A-FD048BCC08A4}.Release|Any CPU.ActiveCfg = Release|Any CPU
		{6BF5DBAD-1198-4541-980A-FD048BCC08A4}.Release|Any CPU.Build.0 = Release|Any CPU
		{33D9B19F-E2CE-4BAA-935C-754A8A3FC2E0}.Debug|Any CPU.ActiveCfg = Debug|Any CPU
		{33D9B19F-E2CE-4BAA-935C-754A8A3FC2E0}.Debug|Any CPU.Build.0 = Debug|Any CPU
		{33D9B19F-E2CE-4BAA-935C-754A8A3FC2E0}.Release|Any CPU.ActiveCfg = Release|Any CPU
		{33D9B19F-E2CE-4BAA-935C-754A8A3FC2E0}.Release|Any CPU.Build.0 = Release|Any CPU
		{09F08814-BBAF-4531-A3C0-8E459A61D483}.Debug|Any CPU.ActiveCfg = Debug|Any CPU
		{09F08814-BBAF-4531-A3C0-8E459A61D483}.Debug|Any CPU.Build.0 = Debug|Any CPU
		{09F08814-BBAF-4531-A3C0-8E459A61D483}.Release|Any CPU.ActiveCfg = Release|Any CPU
		{09F08814-BBAF-4531-A3C0-8E459A61D483}.Release|Any CPU.Build.0 = Release|Any CPU
		{67EDC3AD-F276-4165-8092-7213FEBBE435}.Debug|Any CPU.ActiveCfg = Debug|Any CPU
		{67EDC3AD-F276-4165-8092-7213FEBBE435}.Debug|Any CPU.Build.0 = Debug|Any CPU
		{67EDC3AD-F276-4165-8092-7213FEBBE435}.Release|Any CPU.ActiveCfg = Release|Any CPU
		{67EDC3AD-F276-4165-8092-7213FEBBE435}.Release|Any CPU.Build.0 = Release|Any CPU
		{EBA9A527-F620-4C54-93C0-B00929C47CF8}.Debug|Any CPU.ActiveCfg = Debug|Any CPU
		{EBA9A527-F620-4C54-93C0-B00929C47CF8}.Debug|Any CPU.Build.0 = Debug|Any CPU
		{EBA9A527-F620-4C54-93C0-B00929C47CF8}.Release|Any CPU.ActiveCfg = Release|Any CPU
		{EBA9A527-F620-4C54-93C0-B00929C47CF8}.Release|Any CPU.Build.0 = Release|Any CPU
		{780FD29C-B5DE-428B-824C-4E77C5203AF4}.Debug|Any CPU.ActiveCfg = Debug|Any CPU
		{780FD29C-B5DE-428B-824C-4E77C5203AF4}.Debug|Any CPU.Build.0 = Debug|Any CPU
		{780FD29C-B5DE-428B-824C-4E77C5203AF4}.Release|Any CPU.ActiveCfg = Release|Any CPU
		{780FD29C-B5DE-428B-824C-4E77C5203AF4}.Release|Any CPU.Build.0 = Release|Any CPU
		{2AEA1B80-8556-41D8-8F7B-02E94BF1959C}.Debug|Any CPU.ActiveCfg = Debug|Any CPU
		{2AEA1B80-8556-41D8-8F7B-02E94BF1959C}.Debug|Any CPU.Build.0 = Debug|Any CPU
		{2AEA1B80-8556-41D8-8F7B-02E94BF1959C}.Release|Any CPU.ActiveCfg = Release|Any CPU
		{2AEA1B80-8556-41D8-8F7B-02E94BF1959C}.Release|Any CPU.Build.0 = Release|Any CPU
		{F7E0FDD0-8115-40CD-82C4-7150B183B240}.Debug|Any CPU.ActiveCfg = Debug|Any CPU
		{F7E0FDD0-8115-40CD-82C4-7150B183B240}.Debug|Any CPU.Build.0 = Debug|Any CPU
		{F7E0FDD0-8115-40CD-82C4-7150B183B240}.Release|Any CPU.ActiveCfg = Release|Any CPU
		{F7E0FDD0-8115-40CD-82C4-7150B183B240}.Release|Any CPU.Build.0 = Release|Any CPU
		{D855FE91-E4ED-48FD-90EA-D8AD287589E4}.Debug|Any CPU.ActiveCfg = Debug|Any CPU
		{D855FE91-E4ED-48FD-90EA-D8AD287589E4}.Debug|Any CPU.Build.0 = Debug|Any CPU
		{D855FE91-E4ED-48FD-90EA-D8AD287589E4}.Release|Any CPU.ActiveCfg = Release|Any CPU
		{D855FE91-E4ED-48FD-90EA-D8AD287589E4}.Release|Any CPU.Build.0 = Release|Any CPU
	EndGlobalSection
	GlobalSection(SolutionProperties) = preSolution
		HideSolutionNode = FALSE
	EndGlobalSection
	GlobalSection(ExtensibilityGlobals) = postSolution
		SolutionGuid = {F250542B-5656-4175-B8C9-A3744992FBA5}
	EndGlobalSection
EndGlobal
